<?xml version="1.0" encoding="UTF-8" standalone="yes" ?>
<CodeBlocks_project_file>
	<FileVersion major="1" minor="6" />
	<Project>
		<Option title="IBS" />
		<Option pch_mode="2" />
		<Option compiler="gcc" />
		<Build>
			<Target title="Debug">
				<Option output="bin/Debug/IBS" prefix_auto="1" extension_auto="1" />
				<Option object_output="obj/Debug/" />
				<Option type="1" />
				<Option compiler="gcc" />
				<Compiler>
					<Add option="-g" />
				</Compiler>
			</Target>
			<Target title="Release">
				<Option output="bin/Release/IBS" prefix_auto="1" extension_auto="1" />
				<Option object_output="obj/Release/" />
				<Option type="1" />
				<Option compiler="gcc" />
				<Compiler>
					<Add option="-O2" />
				</Compiler>
				<Linker>
					<Add option="-s" />
				</Linker>
			</Target>
		</Build>
		<Compiler>
			<Add option="-Wall" />
			<Add option="-fexceptions" />
			<Add directory="adevs/adevs-2.8.1/include" />
		</Compiler>
		<Linker>
			<Add library="adevs\adevs.lib" />
		</Linker>
		<Unit filename="Commercial_bank.cpp" />
		<Unit filename="Commercial_bank.hpp" />
		<Unit filename="agent.hpp" />
		<Unit filename="genBorrower.cpp" />
		<Unit filename="genBorrower.hpp" />
		<Unit filename="genDeposit.cpp" />
		<Unit filename="genDeposit.hpp" />
		<Unit filename="main.cpp" />
		<Unit filename="mt19937.cpp" />
		<Unit filename="mt19937.hpp" />
		<Unit filename="proba.hpp" />
		<Extensions>
			<code_completion />
			<envvars />
			<debugger />
			<lib_finder disable_auto="1" />
		</Extensions>
	</Project>
</CodeBlocks_project_file>
